
Microsoft Visual Studio Solution File, Format Version 12.00
# Visual Studio Version 16
VisualStudioVersion = 16.0.35425.106
MinimumVisualStudioVersion = 10.0.40219.1
Project("{FAE04EC0-301F-11D3-BF4B-00C04F79EFBC}") = "EmlakSistemi", "EmlakSistemi.csproj", "{074A14FB-8D80-43FE-B522-0959F0FB25AF}"
EndProject
Global
	GlobalSection(SolutionConfigurationPlatforms) = preSolution
		Debug|Any CPU = Debug|Any CPU
		Release|Any CPU = Release|Any CPU
	EndGlobalSection
	GlobalSection(ProjectConfigurationPlatforms) = postSolution
		{074A14FB-8D80-43FE-B522-0959F0FB25AF}.Debug|Any CPU.ActiveCfg = Debug|Any CPU
		{074A14FB-8D80-43FE-B522-0959F0FB25AF}.Debug|Any CPU.Build.0 = Debug|Any CPU
		{074A14FB-8D80-43FE-B522-0959F0FB25AF}.Release|Any CPU.ActiveCfg = Release|Any CPU
		{074A14FB-8D80-43FE-B522-0959F0FB25AF}.Release|Any CPU.Build.0 = Release|Any CPU
	EndGlobalSection
	GlobalSection(SolutionProperties) = preSolution
		HideSolutionNode = FALSE
	EndGlobalSection
	GlobalSection(ExtensibilityGlobals) = postSolution
		SolutionGuid = {8261B4C2-E4E7-4DB0-8D5C-E2BD2A6228D9}
	EndGlobalSection
EndGlobal
